
Microsoft Visual Studio Solution File, Format Version 12.00
# Visual Studio Version 17
VisualStudioVersion = 17.14.37614.0
MinimumVisualStudioVersion = 10.0.40219.1
Project("{FAE04EC0-301F-11D3-BF4B-00C04F79EFBC}") = "LibraryManagement.API", "LibraryManagement.API.csproj", "{9E579381-941B-4563-9DBD-6797F1A8D0E2}"
EndProject
Project("{FAE04EC0-301F-11D3-BF4B-00C04F79EFBC}") = "BLL", "..\BLL\BLL.csproj", "{04D776F2-451B-4608-839F-57817A6A01D8}"
EndProject
Project("{FAE04EC0-301F-11D3-BF4B-00C04F79EFBC}") = "Model", "..\Model\Model.csproj", "{0FCE1AA6-A67B-464A-BEBD-51DB8964AB2B}"
EndProject
Project("{FAE04EC0-301F-11D3-BF4B-00C04F79EFBC}") = "DAL", "..\DAL\DAL.csproj", "{86208113-4B66-410E-97AE-F6FB978F2D12}"
EndProject
Global
	GlobalSection(SolutionConfigurationPlatforms) = preSolution
		Debug|Any CPU = Debug|Any CPU
		Release|Any CPU = Release|Any CPU
	EndGlobalSection
	GlobalSection(ProjectConfigurationPlatforms) = postSolution
		{9E579381-941B-4563-9DBD-6797F1A8D0E2}.Debug|Any CPU.ActiveCfg = Debug|Any CPU
		{9E579381-941B-4563-9DBD-6797F1A8D0E2}.Debug|Any CPU.Build.0 = Debug|Any CPU
		{9E579381-941B-4563-9DBD-6797F1A8D0E2}.Release|Any CPU.ActiveCfg = Release|Any CPU
		{9E579381-941B-4563-9DBD-6797F1A8D0E2}.Release|Any CPU.Build.0 = Release|Any CPU
		{04D776F2-451B-4608-839F-57817A6A01D8}.Debug|Any CPU.ActiveCfg = Debug|Any CPU
		{04D776F2-451B-4608-839F-57817A6A01D8}.Debug|Any CPU.Build.0 = Debug|Any CPU
		{04D776F2-451B-4608-839F-57817A6A01D8}.Release|Any CPU.ActiveCfg = Release|Any CPU
		{04D776F2-451B-4608-839F-57817A6A01D8}.Release|Any CPU.Build.0 = Release|Any CPU
		{0FCE1AA6-A67B-464A-BEBD-51DB8964AB2B}.Debug|Any CPU.ActiveCfg = Debug|Any CPU
		{0FCE1AA6-A67B-464A-BEBD-51DB8964AB2B}.Debug|Any CPU.Build.0 = Debug|Any CPU
		{0FCE1AA6-A67B-464A-BEBD-51DB8964AB2B}.Release|Any CPU.ActiveCfg = Release|Any CPU
		{0FCE1AA6-A67B-464A-BEBD-51DB8964AB2B}.Release|Any CPU.Build.0 = Release|Any CPU
		{86208113-4B66-410E-97AE-F6FB978F2D12}.Debug|Any CPU.ActiveCfg = Debug|Any CPU
		{86208113-4B66-410E-97AE-F6FB978F2D12}.Debug|Any CPU.Build.0 = Debug|Any CPU
		{86208113-4B66-410E-97AE-F6FB978F2D12}.Release|Any CPU.ActiveCfg = Release|Any CPU
		{86208113-4B66-410E-97AE-F6FB978F2D12}.Release|Any CPU.Build.0 = Release|Any CPU
	EndGlobalSection
	GlobalSection(SolutionProperties) = preSolution
		HideSolutionNode = FALSE
	EndGlobalSection
	GlobalSection(ExtensibilityGlobals) = postSolution
		SolutionGuid = {46665252-7742-4A0B-B587-3E8E22939FFE}
	EndGlobalSection
EndGlobal
